
Microsoft Visual Studio Solution File, Format Version 12.00
# Visual Studio Version 17
VisualStudioVersion = 17.7.34024.191
MinimumVisualStudioVersion = 10.0.40219.1
Project("{F184B08F-C81C-45F6-A57F-5ABD9991F28F}") = "trabajoconarchivos", "trabajoconarchivos\trabajoconarchivos.vbproj", "{75EDE402-6E96-4FA5-A271-AF3D5B2E1646}"
EndProject
Global
	GlobalSection(SolutionConfigurationPlatforms) = preSolution
		Debug|Any CPU = Debug|Any CPU
		Release|Any CPU = Release|Any CPU
	EndGlobalSection
	GlobalSection(ProjectConfigurationPlatforms) = postSolution
		{75EDE402-6E96-4FA5-A271-AF3D5B2E1646}.Debug|Any CPU.ActiveCfg = Debug|Any CPU
		{75EDE402-6E96-4FA5-A271-AF3D5B2E1646}.Debug|Any CPU.Build.0 = Debug|Any CPU
		{75EDE402-6E96-4FA5-A271-AF3D5B2E1646}.Release|Any CPU.ActiveCfg = Release|Any CPU
		{75EDE402-6E96-4FA5-A271-AF3D5B2E1646}.Release|Any CPU.Build.0 = Release|Any CPU
	EndGlobalSection
	GlobalSection(SolutionProperties) = preSolution
		HideSolutionNode = FALSE
	EndGlobalSection
	GlobalSection(ExtensibilityGlobals) = postSolution
		SolutionGuid = {BB350432-9C33-4809-9954-80025EA1D390}
	EndGlobalSection
EndGlobal
